// !$*UTF8*$!
{
	archiveVersion = 1;
	classes = {
	};
	objectVersion = 46;
	objects = {

/* Begin PBXBuildFile section */
		463DA5B41D75CEAD00F035A2 /* FFButtonDemo.m in Sources */ = {isa = PBXBuildFile; fileRef = 463DA5B21D75CEAD00F035A2 /* FFButtonDemo.m */; };
		463DA5B51D75CEAD00F035A2 /* FFButtonDemo.xib in Resources */ = {isa = PBXBuildFile; fileRef = 463DA5B31D75CEAD00F035A2 /* FFButtonDemo.xib */; };
		463DA5B81D75D5D000F035A2 /* FFChannalVedioView.m in Sources */ = {isa = PBXBuildFile; fileRef = 463DA5B71D75D5D000F035A2 /* FFChannalVedioView.m */; };
		463DA5BA1D75D5E500F035A2 /* FFChannalVedioView.xib in Resources */ = {isa = PBXBuildFile; fileRef = 463DA5B91D75D5E500F035A2 /* FFChannalVedioView.xib */; };
		466408441D64A96E00AF028A /* FFRunLoopViewController.m in Sources */ = {isa = PBXBuildFile; fileRef = 466408421D64A96E00AF028A /* FFRunLoopViewController.m */; };
		466408451D64A96E00AF028A /* FFRunLoopViewController.xib in Resources */ = {isa = PBXBuildFile; fileRef = 466408431D64A96E00AF028A /* FFRunLoopViewController.xib */; };
		4690101B1D4300FC00F22725 /* main.m in Sources */ = {isa = PBXBuildFile; fileRef = 4690101A1D4300FC00F22725 /* main.m */; };
		4690101E1D4300FC00F22725 /* AppDelegate.m in Sources */ = {isa = PBXBuildFile; fileRef = 4690101D1D4300FC00F22725 /* AppDelegate.m */; };
		469010211D4300FC00F22725 /* ViewController.m in Sources */ = {isa = PBXBuildFile; fileRef = 469010201D4300FC00F22725 /* ViewController.m */; };
		469010241D4300FC00F22725 /* Main.storyboard in Resources */ = {isa = PBXBuildFile; fileRef = 469010221D4300FC00F22725 /* Main.storyboard */; };
		469010261D4300FC00F22725 /* Assets.xcassets in Resources */ = {isa = PBXBuildFile; fileRef = 469010251D4300FC00F22725 /* Assets.xcassets */; };
		469010291D4300FC00F22725 /* LaunchScreen.storyboard in Resources */ = {isa = PBXBuildFile; fileRef = 469010271D4300FC00F22725 /* LaunchScreen.storyboard */; };
		469010341D4300FD00F22725 /* FFToolsTests.m in Sources */ = {isa = PBXBuildFile; fileRef = 469010331D4300FD00F22725 /* FFToolsTests.m */; };
		4690103F1D4300FD00F22725 /* FFToolsUITests.m in Sources */ = {isa = PBXBuildFile; fileRef = 4690103E1D4300FD00F22725 /* FFToolsUITests.m */; };
		4690104E1D43016100F22725 /* FFRootViewController.m in Sources */ = {isa = PBXBuildFile; fileRef = 4690104D1D43016100F22725 /* FFRootViewController.m */; };
		4F1F8FFB1D5C1A09009C6C78 /* FFOther.m in Sources */ = {isa = PBXBuildFile; fileRef = 4F1F8FF61D5C1A09009C6C78 /* FFOther.m */; };
		4F1F8FFC1D5C1A09009C6C78 /* FFPerson.m in Sources */ = {isa = PBXBuildFile; fileRef = 4F1F8FF81D5C1A09009C6C78 /* FFPerson.m */; };
		4F1F8FFD1D5C1A09009C6C78 /* FFPerson+Internal.m in Sources */ = {isa = PBXBuildFile; fileRef = 4F1F8FFA1D5C1A09009C6C78 /* FFPerson+Internal.m */; };
		4F2EF8F91D5C611E004DB9CB /* FFHeaderScollerViewController.m in Sources */ = {isa = PBXBuildFile; fileRef = 4F2EF8F71D5C611E004DB9CB /* FFHeaderScollerViewController.m */; };
		4F2EF8FA1D5C611E004DB9CB /* FFHeaderScollerViewController.xib in Resources */ = {isa = PBXBuildFile; fileRef = 4F2EF8F81D5C611E004DB9CB /* FFHeaderScollerViewController.xib */; };
		4F6574B61D5C6701007386AC /* 1.jpg in Resources */ = {isa = PBXBuildFile; fileRef = 4F6574B51D5C6701007386AC /* 1.jpg */; };
		4F9AD13C1D62D84D00E84FBB /* FFChainViewController.m in Sources */ = {isa = PBXBuildFile; fileRef = 4F9AD13A1D62D84D00E84FBB /* FFChainViewController.m */; };
		4F9AD13D1D62D84D00E84FBB /* FFChainViewController.xib in Resources */ = {isa = PBXBuildFile; fileRef = 4F9AD13B1D62D84D00E84FBB /* FFChainViewController.xib */; };
		4F9AD1401D62E04600E84FBB /* CaculatorMaker.m in Sources */ = {isa = PBXBuildFile; fileRef = 4F9AD13F1D62E04600E84FBB /* CaculatorMaker.m */; };
		4FC46A6B1D4B27A6009B38DC /* FFMenuViewController.m in Sources */ = {isa = PBXBuildFile; fileRef = 4FC46A6A1D4B27A6009B38DC /* FFMenuViewController.m */; };
		4FC46A791D4B2820009B38DC /* KxMenu.m in Sources */ = {isa = PBXBuildFile; fileRef = 4FC46A6D1D4B2820009B38DC /* KxMenu.m */; };
		4FC46A7A1D4B2820009B38DC /* action_icon.png in Resources */ = {isa = PBXBuildFile; fileRef = 4FC46A6F1D4B2820009B38DC /* action_icon.png */; };
		4FC46A7B1D4B2820009B38DC /* action_icon@2x.png in Resources */ = {isa = PBXBuildFile; fileRef = 4FC46A701D4B2820009B38DC /* action_icon@2x.png */; };
		4FC46A7C1D4B2820009B38DC /* check_icon.png in Resources */ = {isa = PBXBuildFile; fileRef = 4FC46A711D4B2820009B38DC /* check_icon.png */; };
		4FC46A7D1D4B2820009B38DC /* check_icon@2x.png in Resources */ = {isa = PBXBuildFile; fileRef = 4FC46A721D4B2820009B38DC /* check_icon@2x.png */; };
		4FC46A7E1D4B2820009B38DC /* home_icon.png in Resources */ = {isa = PBXBuildFile; fileRef = 4FC46A731D4B2820009B38DC /* home_icon.png */; };
		4FC46A7F1D4B2820009B38DC /* home_icon@2x.png in Resources */ = {isa = PBXBuildFile; fileRef = 4FC46A741D4B2820009B38DC /* home_icon@2x.png */; };
		4FC46A801D4B2820009B38DC /* reload.png in Resources */ = {isa = PBXBuildFile; fileRef = 4FC46A751D4B2820009B38DC /* reload.png */; };
		4FC46A811D4B2820009B38DC /* reload@2x.png in Resources */ = {isa = PBXBuildFile; fileRef = 4FC46A761D4B2820009B38DC /* reload@2x.png */; };
		4FC46A821D4B2820009B38DC /* search_icon.png in Resources */ = {isa = PBXBuildFile; fileRef = 4FC46A771D4B2820009B38DC /* search_icon.png */; };
		4FC46A831D4B2820009B38DC /* search_icon@2x.png in Resources */ = {isa = PBXBuildFile; fileRef = 4FC46A781D4B2820009B38DC /* search_icon@2x.png */; };
		4FEB51441D4B1FF300C6CA03 /* FFRealTimeChangeViewController.m in Sources */ = {isa = PBXBuildFile; fileRef = 4FEB513A1D4B1FF300C6CA03 /* FFRealTimeChangeViewController.m */; };
		4FEB51451D4B1FF300C6CA03 /* FFRealTimeChangeViewController.xib in Resources */ = {isa = PBXBuildFile; fileRef = 4FEB513B1D4B1FF300C6CA03 /* FFRealTimeChangeViewController.xib */; };
		4FEB51461D4B1FF300C6CA03 /* FFStringViewController.m in Sources */ = {isa = PBXBuildFile; fileRef = 4FEB513D1D4B1FF300C6CA03 /* FFStringViewController.m */; };
		4FEB51471D4B1FF300C6CA03 /* FFStringViewController.xib in Resources */ = {isa = PBXBuildFile; fileRef = 4FEB513E1D4B1FF300C6CA03 /* FFStringViewController.xib */; };
		4FEB51481D4B1FF300C6CA03 /* FFRealTimeChangeView.m in Sources */ = {isa = PBXBuildFile; fileRef = 4FEB51411D4B1FF300C6CA03 /* FFRealTimeChangeView.m */; };
		4FEB51491D4B1FF300C6CA03 /* FFRootView.m in Sources */ = {isa = PBXBuildFile; fileRef = 4FEB51431D4B1FF300C6CA03 /* FFRootView.m */; };
		4FEB514D1D4B203D00C6CA03 /* FFJElasticPullToRefreshViewController.m in Sources */ = {isa = PBXBuildFile; fileRef = 4FEB514B1D4B203D00C6CA03 /* FFJElasticPullToRefreshViewController.m */; };
		4FEB514E1D4B203D00C6CA03 /* FFJElasticPullToRefreshViewController.xib in Resources */ = {isa = PBXBuildFile; fileRef = 4FEB514C1D4B203D00C6CA03 /* FFJElasticPullToRefreshViewController.xib */; };
		4FEB515B1D4B205A00C6CA03 /* JElasticPullToRefreshLoadingView.m in Sources */ = {isa = PBXBuildFile; fileRef = 4FEB51521D4B205A00C6CA03 /* JElasticPullToRefreshLoadingView.m */; };
		4FEB515C1D4B205A00C6CA03 /* JElasticPullToRefreshLoadingViewCircle.m in Sources */ = {isa = PBXBuildFile; fileRef = 4FEB51541D4B205A00C6CA03 /* JElasticPullToRefreshLoadingViewCircle.m */; };
		4FEB515D1D4B205A00C6CA03 /* JElasticPullToRefreshView.m in Sources */ = {isa = PBXBuildFile; fileRef = 4FEB51561D4B205A00C6CA03 /* JElasticPullToRefreshView.m */; };
		4FEB515E1D4B205A00C6CA03 /* UIScrollView+JElasticPullToRefresh.m in Sources */ = {isa = PBXBuildFile; fileRef = 4FEB51581D4B205A00C6CA03 /* UIScrollView+JElasticPullToRefresh.m */; };
		4FEB515F1D4B205A00C6CA03 /* UIView+JElasticPullToRefresh.m in Sources */ = {isa = PBXBuildFile; fileRef = 4FEB515A1D4B205A00C6CA03 /* UIView+JElasticPullToRefresh.m */; };
		C34D3DE71DD5938B000AA196 /* FFToastViewController.m in Sources */ = {isa = PBXBuildFile; fileRef = C34D3DE51DD5938B000AA196 /* FFToastViewController.m */; };
		C34D3DE81DD5938B000AA196 /* FFToastViewController.xib in Resources */ = {isa = PBXBuildFile; fileRef = C34D3DE61DD5938B000AA196 /* FFToastViewController.xib */; };
		C34D3DEC1DD59484000AA196 /* FFRootWidget.m in Sources */ = {isa = PBXBuildFile; fileRef = C34D3DEB1DD59484000AA196 /* FFRootWidget.m */; };
		C34D3DEF1DD59613000AA196 /* FFToastWidget.m in Sources */ = {isa = PBXBuildFile; fileRef = C34D3DEE1DD59613000AA196 /* FFToastWidget.m */; };
		C34D3DF11DD59630000AA196 /* FFToastWidget.xib in Resources */ = {isa = PBXBuildFile; fileRef = C34D3DF01DD59630000AA196 /* FFToastWidget.xib */; };
		C34D3DF51DD5A21C000AA196 /* FFChoosePicView.m in Sources */ = {isa = PBXBuildFile; fileRef = C34D3DF41DD5A21C000AA196 /* FFChoosePicView.m */; };
		C34D3DF91DD5AB07000AA196 /* FFChoosePicViewController.m in Sources */ = {isa = PBXBuildFile; fileRef = C34D3DF71DD5AB07000AA196 /* FFChoosePicViewController.m */; };
		C34D3DFA1DD5AB07000AA196 /* FFChoosePicViewController.xib in Resources */ = {isa = PBXBuildFile; fileRef = C34D3DF81DD5AB07000AA196 /* FFChoosePicViewController.xib */; };
		C34D3DFD1DD5AD72000AA196 /* hzgl_zljl_tjtp@2x.png in Resources */ = {isa = PBXBuildFile; fileRef = C34D3DFB1DD5AD72000AA196 /* hzgl_zljl_tjtp@2x.png */; };
		C34D3DFE1DD5AD72000AA196 /* hzgl_zljl_tjtp@3x.png in Resources */ = {isa = PBXBuildFile; fileRef = C34D3DFC1DD5AD72000AA196 /* hzgl_zljl_tjtp@3x.png */; };
		C34D3E011DD5AEBE000AA196 /* FFActionSheetManager.m in Sources */ = {isa = PBXBuildFile; fileRef = C34D3E001DD5AEBE000AA196 /* FFActionSheetManager.m */; };
		C34D3E051DD5B3ED000AA196 /* FFChannelView.m in Sources */ = {isa = PBXBuildFile; fileRef = C34D3E041DD5B3ED000AA196 /* FFChannelView.m */; };
		C34D3E091DD5B69D000AA196 /* FFChannelViewController.m in Sources */ = {isa = PBXBuildFile; fileRef = C34D3E071DD5B69D000AA196 /* FFChannelViewController.m */; };
		C34D3E0A1DD5B69D000AA196 /* FFChannelViewController.xib in Resources */ = {isa = PBXBuildFile; fileRef = C34D3E081DD5B69D000AA196 /* FFChannelViewController.xib */; };
		C3AF2F341D87AC1100341C5D /* FFAutolayoutViewController.m in Sources */ = {isa = PBXBuildFile; fileRef = C3AF2F321D87AC1100341C5D /* FFAutolayoutViewController.m */; };
		C3AF2F351D87AC1100341C5D /* FFAutolayoutViewController.xib in Resources */ = {isa = PBXBuildFile; fileRef = C3AF2F331D87AC1100341C5D /* FFAutolayoutViewController.xib */; };
		C3C1BA4E1DD997A300E9A027 /* FFMultipleActionSheetManger.m in Sources */ = {isa = PBXBuildFile; fileRef = C3C1BA4D1DD997A300E9A027 /* FFMultipleActionSheetManger.m */; };
		C3C1BA511DD9981000E9A027 /* FFImagePickerViewController.m in Sources */ = {isa = PBXBuildFile; fileRef = C3C1BA501DD9981000E9A027 /* FFImagePickerViewController.m */; };
		C3C1BA541DD99A6200E9A027 /* FFPhotoPickerBaseViewController.m in Sources */ = {isa = PBXBuildFile; fileRef = C3C1BA531DD99A6200E9A027 /* FFPhotoPickerBaseViewController.m */; };
		C3C1BA571DD99AF000E9A027 /* FFPhotoAlbumListViewController.m in Sources */ = {isa = PBXBuildFile; fileRef = C3C1BA561DD99AF000E9A027 /* FFPhotoAlbumListViewController.m */; };
		C3C1BA5A1DD99C2F00E9A027 /* FFPhotoAlbumModel.m in Sources */ = {isa = PBXBuildFile; fileRef = C3C1BA591DD99C2F00E9A027 /* FFPhotoAlbumModel.m */; };
		C3C1BA5D1DD99DFB00E9A027 /* FFPhotoImageListViewController.m in Sources */ = {isa = PBXBuildFile; fileRef = C3C1BA5C1DD99DFB00E9A027 /* FFPhotoImageListViewController.m */; };
		C3D52A981DD9AD84002B05B5 /* FFScrollViewViewController.m in Sources */ = {isa = PBXBuildFile; fileRef = C3D52A961DD9AD84002B05B5 /* FFScrollViewViewController.m */; };
		C3D52A991DD9AD84002B05B5 /* FFScrollViewViewController.xib in Resources */ = {isa = PBXBuildFile; fileRef = C3D52A971DD9AD84002B05B5 /* FFScrollViewViewController.xib */; };
/* End PBXBuildFile section */

/* Begin PBXContainerItemProxy section */
		469010301D4300FC00F22725 /* PBXContainerItemProxy */ = {
			isa = PBXContainerItemProxy;
			containerPortal = 4690100E1D4300FC00F22725 /* Project object */;
			proxyType = 1;
			remoteGlobalIDString = 469010151D4300FC00F22725;
			remoteInfo = FFTools;
		};
		4690103B1D4300FD00F22725 /* PBXContainerItemProxy */ = {
			isa = PBXContainerItemProxy;
			containerPortal = 4690100E1D4300FC00F22725 /* Project object */;
			proxyType = 1;
			remoteGlobalIDString = 469010151D4300FC00F22725;
			remoteInfo = FFTools;
		};
/* End PBXContainerItemProxy section */

/* Begin PBXFileReference section */
		463DA5B11D75CEAD00F035A2 /* FFButtonDemo.h */ = {isa = PBXFileReference; fileEncoding = 4; lastKnownFileType = sourcecode.c.h; path = FFButtonDemo.h; sourceTree = "<group>"; };
		463DA5B21D75CEAD00F035A2 /* FFButtonDemo.m */ = {isa = PBXFileReference; fileEncoding = 4; lastKnownFileType = sourcecode.c.objc; path = FFButtonDemo.m; sourceTree = "<group>"; };
		463DA5B31D75CEAD00F035A2 /* FFButtonDemo.xib */ = {isa = PBXFileReference; fileEncoding = 4; lastKnownFileType = file.xib; path = FFButtonDemo.xib; sourceTree = "<group>"; };
		463DA5B61D75D5CF00F035A2 /* FFChannalVedioView.h */ = {isa = PBXFileReference; fileEncoding = 4; lastKnownFileType = sourcecode.c.h; path = FFChannalVedioView.h; sourceTree = "<group>"; };
		463DA5B71D75D5D000F035A2 /* FFChannalVedioView.m */ = {isa = PBXFileReference; fileEncoding = 4; lastKnownFileType = sourcecode.c.objc; path = FFChannalVedioView.m; sourceTree = "<group>"; };
		463DA5B91D75D5E500F035A2 /* FFChannalVedioView.xib */ = {isa = PBXFileReference; fileEncoding = 4; lastKnownFileType = file.xib; path = FFChannalVedioView.xib; sourceTree = "<group>"; };
		466408411D64A96E00AF028A /* FFRunLoopViewController.h */ = {isa = PBXFileReference; fileEncoding = 4; lastKnownFileType = sourcecode.c.h; path = FFRunLoopViewController.h; sourceTree = "<group>"; };
		466408421D64A96E00AF028A /* FFRunLoopViewController.m */ = {isa = PBXFileReference; fileEncoding = 4; lastKnownFileType = sourcecode.c.objc; path = FFRunLoopViewController.m; sourceTree = "<group>"; };
		466408431D64A96E00AF028A /* FFRunLoopViewController.xib */ = {isa = PBXFileReference; fileEncoding = 4; lastKnownFileType = file.xib; path = FFRunLoopViewController.xib; sourceTree = "<group>"; };
		469010161D4300FC00F22725 /* FFTools.app */ = {isa = PBXFileReference; explicitFileType = wrapper.application; includeInIndex = 0; path = FFTools.app; sourceTree = BUILT_PRODUCTS_DIR; };
		4690101A1D4300FC00F22725 /* main.m */ = {isa = PBXFileReference; lastKnownFileType = sourcecode.c.objc; path = main.m; sourceTree = "<group>"; };
		4690101C1D4300FC00F22725 /* AppDelegate.h */ = {isa = PBXFileReference; lastKnownFileType = sourcecode.c.h; path = AppDelegate.h; sourceTree = "<group>"; };
		4690101D1D4300FC00F22725 /* AppDelegate.m */ = {isa = PBXFileReference; lastKnownFileType = sourcecode.c.objc; path = AppDelegate.m; sourceTree = "<group>"; };
		4690101F1D4300FC00F22725 /* ViewController.h */ = {isa = PBXFileReference; lastKnownFileType = sourcecode.c.h; path = ViewController.h; sourceTree = "<group>"; };
		469010201D4300FC00F22725 /* ViewController.m */ = {isa = PBXFileReference; lastKnownFileType = sourcecode.c.objc; path = ViewController.m; sourceTree = "<group>"; };
		469010231D4300FC00F22725 /* Base */ = {isa = PBXFileReference; lastKnownFileType = file.storyboard; name = Base; path = Base.lproj/Main.storyboard; sourceTree = "<group>"; };
		469010251D4300FC00F22725 /* Assets.xcassets */ = {isa = PBXFileReference; lastKnownFileType = folder.assetcatalog; path = Assets.xcassets; sourceTree = "<group>"; };
		469010281D4300FC00F22725 /* Base */ = {isa = PBXFileReference; lastKnownFileType = file.storyboard; name = Base; path = Base.lproj/LaunchScreen.storyboard; sourceTree = "<group>"; };
		4690102A1D4300FC00F22725 /* Info.plist */ = {isa = PBXFileReference; lastKnownFileType = text.plist.xml; path = Info.plist; sourceTree = "<group>"; };
		4690102F1D4300FC00F22725 /* FFToolsTests.xctest */ = {isa = PBXFileReference; explicitFileType = wrapper.cfbundle; includeInIndex = 0; path = FFToolsTests.xctest; sourceTree = BUILT_PRODUCTS_DIR; };
		469010331D4300FD00F22725 /* FFToolsTests.m */ = {isa = PBXFileReference; lastKnownFileType = sourcecode.c.objc; path = FFToolsTests.m; sourceTree = "<group>"; };
		469010351D4300FD00F22725 /* Info.plist */ = {isa = PBXFileReference; lastKnownFileType = text.plist.xml; path = Info.plist; sourceTree = "<group>"; };
		4690103A1D4300FD00F22725 /* FFToolsUITests.xctest */ = {isa = PBXFileReference; explicitFileType = wrapper.cfbundle; includeInIndex = 0; path = FFToolsUITests.xctest; sourceTree = BUILT_PRODUCTS_DIR; };
		4690103E1D4300FD00F22725 /* FFToolsUITests.m */ = {isa = PBXFileReference; lastKnownFileType = sourcecode.c.objc; path = FFToolsUITests.m; sourceTree = "<group>"; };
		469010401D4300FD00F22725 /* Info.plist */ = {isa = PBXFileReference; lastKnownFileType = text.plist.xml; path = Info.plist; sourceTree = "<group>"; };
		4690104C1D43016100F22725 /* FFRootViewController.h */ = {isa = PBXFileReference; fileEncoding = 4; lastKnownFileType = sourcecode.c.h; path = FFRootViewController.h; sourceTree = "<group>"; };
		4690104D1D43016100F22725 /* FFRootViewController.m */ = {isa = PBXFileReference; fileEncoding = 4; lastKnownFileType = sourcecode.c.objc; path = FFRootViewController.m; sourceTree = "<group>"; };
		4F1F8FF51D5C1A09009C6C78 /* FFOther.h */ = {isa = PBXFileReference; fileEncoding = 4; lastKnownFileType = sourcecode.c.h; path = FFOther.h; sourceTree = "<group>"; };
		4F1F8FF61D5C1A09009C6C78 /* FFOther.m */ = {isa = PBXFileReference; fileEncoding = 4; lastKnownFileType = sourcecode.c.objc; path = FFOther.m; sourceTree = "<group>"; };
		4F1F8FF71D5C1A09009C6C78 /* FFPerson.h */ = {isa = PBXFileReference; fileEncoding = 4; lastKnownFileType = sourcecode.c.h; path = FFPerson.h; sourceTree = "<group>"; };
		4F1F8FF81D5C1A09009C6C78 /* FFPerson.m */ = {isa = PBXFileReference; fileEncoding = 4; lastKnownFileType = sourcecode.c.objc; path = FFPerson.m; sourceTree = "<group>"; };
		4F1F8FF91D5C1A09009C6C78 /* FFPerson+Internal.h */ = {isa = PBXFileReference; fileEncoding = 4; lastKnownFileType = sourcecode.c.h; path = "FFPerson+Internal.h"; sourceTree = "<group>"; };
		4F1F8FFA1D5C1A09009C6C78 /* FFPerson+Internal.m */ = {isa = PBXFileReference; fileEncoding = 4; lastKnownFileType = sourcecode.c.objc; path = "FFPerson+Internal.m"; sourceTree = "<group>"; };
		4F2EF8F61D5C611E004DB9CB /* FFHeaderScollerViewController.h */ = {isa = PBXFileReference; fileEncoding = 4; lastKnownFileType = sourcecode.c.h; path = FFHeaderScollerViewController.h; sourceTree = "<group>"; };
		4F2EF8F71D5C611E004DB9CB /* FFHeaderScollerViewController.m */ = {isa = PBXFileReference; fileEncoding = 4; lastKnownFileType = sourcecode.c.objc; path = FFHeaderScollerViewController.m; sourceTree = "<group>"; };
		4F2EF8F81D5C611E004DB9CB /* FFHeaderScollerViewController.xib */ = {isa = PBXFileReference; fileEncoding = 4; lastKnownFileType = file.xib; path = FFHeaderScollerViewController.xib; sourceTree = "<group>"; };
		4F6574B51D5C6701007386AC /* 1.jpg */ = {isa = PBXFileReference; lastKnownFileType = image.jpeg; path = 1.jpg; sourceTree = "<group>"; };
		4F9AD1391D62D84D00E84FBB /* FFChainViewController.h */ = {isa = PBXFileReference; fileEncoding = 4; lastKnownFileType = sourcecode.c.h; path = FFChainViewController.h; sourceTree = "<group>"; };
		4F9AD13A1D62D84D00E84FBB /* FFChainViewController.m */ = {isa = PBXFileReference; fileEncoding = 4; lastKnownFileType = sourcecode.c.objc; path = FFChainViewController.m; sourceTree = "<group>"; };
		4F9AD13B1D62D84D00E84FBB /* FFChainViewController.xib */ = {isa = PBXFileReference; fileEncoding = 4; lastKnownFileType = file.xib; path = FFChainViewController.xib; sourceTree = "<group>"; };
		4F9AD13E1D62E04600E84FBB /* CaculatorMaker.h */ = {isa = PBXFileReference; fileEncoding = 4; lastKnownFileType = sourcecode.c.h; path = CaculatorMaker.h; sourceTree = "<group>"; };
		4F9AD13F1D62E04600E84FBB /* CaculatorMaker.m */ = {isa = PBXFileReference; fileEncoding = 4; lastKnownFileType = sourcecode.c.objc; path = CaculatorMaker.m; sourceTree = "<group>"; };
		4FC46A691D4B27A6009B38DC /* FFMenuViewController.h */ = {isa = PBXFileReference; fileEncoding = 4; lastKnownFileType = sourcecode.c.h; path = FFMenuViewController.h; sourceTree = "<group>"; };
		4FC46A6A1D4B27A6009B38DC /* FFMenuViewController.m */ = {isa = PBXFileReference; fileEncoding = 4; lastKnownFileType = sourcecode.c.objc; path = FFMenuViewController.m; sourceTree = "<group>"; };
		4FC46A6C1D4B2820009B38DC /* KxMenu.h */ = {isa = PBXFileReference; fileEncoding = 4; lastKnownFileType = sourcecode.c.h; path = KxMenu.h; sourceTree = "<group>"; };
		4FC46A6D1D4B2820009B38DC /* KxMenu.m */ = {isa = PBXFileReference; fileEncoding = 4; lastKnownFileType = sourcecode.c.objc; path = KxMenu.m; sourceTree = "<group>"; };
		4FC46A6F1D4B2820009B38DC /* action_icon.png */ = {isa = PBXFileReference; lastKnownFileType = image.png; path = action_icon.png; sourceTree = "<group>"; };
		4FC46A701D4B2820009B38DC /* action_icon@2x.png */ = {isa = PBXFileReference; lastKnownFileType = image.png; path = "action_icon@2x.png"; sourceTree = "<group>"; };
		4FC46A711D4B2820009B38DC /* check_icon.png */ = {isa = PBXFileReference; lastKnownFileType = image.png; path = check_icon.png; sourceTree = "<group>"; };
		4FC46A721D4B2820009B38DC /* check_icon@2x.png */ = {isa = PBXFileReference; lastKnownFileType = image.png; path = "check_icon@2x.png"; sourceTree = "<group>"; };
		4FC46A731D4B2820009B38DC /* home_icon.png */ = {isa = PBXFileReference; lastKnownFileType = image.png; path = home_icon.png; sourceTree = "<group>"; };
		4FC46A741D4B2820009B38DC /* home_icon@2x.png */ = {isa = PBXFileReference; lastKnownFileType = image.png; path = "home_icon@2x.png"; sourceTree = "<group>"; };
		4FC46A751D4B2820009B38DC /* reload.png */ = {isa = PBXFileReference; lastKnownFileType = image.png; path = reload.png; sourceTree = "<group>"; };
		4FC46A761D4B2820009B38DC /* reload@2x.png */ = {isa = PBXFileReference; lastKnownFileType = image.png; path = "reload@2x.png"; sourceTree = "<group>"; };
		4FC46A771D4B2820009B38DC /* search_icon.png */ = {isa = PBXFileReference; lastKnownFileType = image.png; path = search_icon.png; sourceTree = "<group>"; };
		4FC46A781D4B2820009B38DC /* search_icon@2x.png */ = {isa = PBXFileReference; lastKnownFileType = image.png; path = "search_icon@2x.png"; sourceTree = "<group>"; };
		4FEB51391D4B1FF300C6CA03 /* FFRealTimeChangeViewController.h */ = {isa = PBXFileReference; fileEncoding = 4; lastKnownFileType = sourcecode.c.h; path = FFRealTimeChangeViewController.h; sourceTree = "<group>"; };
		4FEB513A1D4B1FF300C6CA03 /* FFRealTimeChangeViewController.m */ = {isa = PBXFileReference; fileEncoding = 4; lastKnownFileType = sourcecode.c.objc; path = FFRealTimeChangeViewController.m; sourceTree = "<group>"; };
		4FEB513B1D4B1FF300C6CA03 /* FFRealTimeChangeViewController.xib */ = {isa = PBXFileReference; fileEncoding = 4; lastKnownFileType = file.xib; path = FFRealTimeChangeViewController.xib; sourceTree = "<group>"; };
		4FEB513C1D4B1FF300C6CA03 /* FFStringViewController.h */ = {isa = PBXFileReference; fileEncoding = 4; lastKnownFileType = sourcecode.c.h; path = FFStringViewController.h; sourceTree = "<group>"; };
		4FEB513D1D4B1FF300C6CA03 /* FFStringViewController.m */ = {isa = PBXFileReference; fileEncoding = 4; lastKnownFileType = sourcecode.c.objc; path = FFStringViewController.m; sourceTree = "<group>"; };
		4FEB513E1D4B1FF300C6CA03 /* FFStringViewController.xib */ = {isa = PBXFileReference; fileEncoding = 4; lastKnownFileType = file.xib; path = FFStringViewController.xib; sourceTree = "<group>"; };
		4FEB51401D4B1FF300C6CA03 /* FFRealTimeChangeView.h */ = {isa = PBXFileReference; fileEncoding = 4; lastKnownFileType = sourcecode.c.h; path = FFRealTimeChangeView.h; sourceTree = "<group>"; };
		4FEB51411D4B1FF300C6CA03 /* FFRealTimeChangeView.m */ = {isa = PBXFileReference; fileEncoding = 4; lastKnownFileType = sourcecode.c.objc; path = FFRealTimeChangeView.m; sourceTree = "<group>"; };
		4FEB51421D4B1FF300C6CA03 /* FFRootView.h */ = {isa = PBXFileReference; fileEncoding = 4; lastKnownFileType = sourcecode.c.h; path = FFRootView.h; sourceTree = "<group>"; };
		4FEB51431D4B1FF300C6CA03 /* FFRootView.m */ = {isa = PBXFileReference; fileEncoding = 4; lastKnownFileType = sourcecode.c.objc; path = FFRootView.m; sourceTree = "<group>"; };
		4FEB514A1D4B203D00C6CA03 /* FFJElasticPullToRefreshViewController.h */ = {isa = PBXFileReference; fileEncoding = 4; lastKnownFileType = sourcecode.c.h; path = FFJElasticPullToRefreshViewController.h; sourceTree = "<group>"; };
		4FEB514B1D4B203D00C6CA03 /* FFJElasticPullToRefreshViewController.m */ = {isa = PBXFileReference; fileEncoding = 4; lastKnownFileType = sourcecode.c.objc; path = FFJElasticPullToRefreshViewController.m; sourceTree = "<group>"; };
		4FEB514C1D4B203D00C6CA03 /* FFJElasticPullToRefreshViewController.xib */ = {isa = PBXFileReference; fileEncoding = 4; lastKnownFileType = file.xib; path = FFJElasticPullToRefreshViewController.xib; sourceTree = "<group>"; };
		4FEB51501D4B205A00C6CA03 /* JElasticPullToRefreshConstants.h */ = {isa = PBXFileReference; fileEncoding = 4; lastKnownFileType = sourcecode.c.h; path = JElasticPullToRefreshConstants.h; sourceTree = "<group>"; };
		4FEB51511D4B205A00C6CA03 /* JElasticPullToRefreshLoadingView.h */ = {isa = PBXFileReference; fileEncoding = 4; lastKnownFileType = sourcecode.c.h; path = JElasticPullToRefreshLoadingView.h; sourceTree = "<group>"; };
		4FEB51521D4B205A00C6CA03 /* JElasticPullToRefreshLoadingView.m */ = {isa = PBXFileReference; fileEncoding = 4; lastKnownFileType = sourcecode.c.objc; path = JElasticPullToRefreshLoadingView.m; sourceTree = "<group>"; };
		4FEB51531D4B205A00C6CA03 /* JElasticPullToRefreshLoadingViewCircle.h */ = {isa = PBXFileReference; fileEncoding = 4; lastKnownFileType = sourcecode.c.h; path = JElasticPullToRefreshLoadingViewCircle.h; sourceTree = "<group>"; };
		4FEB51541D4B205A00C6CA03 /* JElasticPullToRefreshLoadingViewCircle.m */ = {isa = PBXFileReference; fileEncoding = 4; lastKnownFileType = sourcecode.c.objc; path = JElasticPullToRefreshLoadingViewCircle.m; sourceTree = "<group>"; };
		4FEB51551D4B205A00C6CA03 /* JElasticPullToRefreshView.h */ = {isa = PBXFileReference; fileEncoding = 4; lastKnownFileType = sourcecode.c.h; path = JElasticPullToRefreshView.h; sourceTree = "<group>"; };
		4FEB51561D4B205A00C6CA03 /* JElasticPullToRefreshView.m */ = {isa = PBXFileReference; fileEncoding = 4; lastKnownFileType = sourcecode.c.objc; path = JElasticPullToRefreshView.m; sourceTree = "<group>"; };
		4FEB51571D4B205A00C6CA03 /* UIScrollView+JElasticPullToRefresh.h */ = {isa = PBXFileReference; fileEncoding = 4; lastKnownFileType = sourcecode.c.h; path = "UIScrollView+JElasticPullToRefresh.h"; sourceTree = "<group>"; };
		4FEB51581D4B205A00C6CA03 /* UIScrollView+JElasticPullToRefresh.m */ = {isa = PBXFileReference; fileEncoding = 4; lastKnownFileType = sourcecode.c.objc; path = "UIScrollView+JElasticPullToRefresh.m"; sourceTree = "<group>"; };
		4FEB51591D4B205A00C6CA03 /* UIView+JElasticPullToRefresh.h */ = {isa = PBXFileReference; fileEncoding = 4; lastKnownFileType = sourcecode.c.h; path = "UIView+JElasticPullToRefresh.h"; sourceTree = "<group>"; };
		4FEB515A1D4B205A00C6CA03 /* UIView+JElasticPullToRefresh.m */ = {isa = PBXFileReference; fileEncoding = 4; lastKnownFileType = sourcecode.c.objc; path = "UIView+JElasticPullToRefresh.m"; sourceTree = "<group>"; };
		C34D3DE41DD5938B000AA196 /* FFToastViewController.h */ = {isa = PBXFileReference; fileEncoding = 4; lastKnownFileType = sourcecode.c.h; path = FFToastViewController.h; sourceTree = "<group>"; };
		C34D3DE51DD5938B000AA196 /* FFToastViewController.m */ = {isa = PBXFileReference; fileEncoding = 4; lastKnownFileType = sourcecode.c.objc; path = FFToastViewController.m; sourceTree = "<group>"; };
		C34D3DE61DD5938B000AA196 /* FFToastViewController.xib */ = {isa = PBXFileReference; fileEncoding = 4; lastKnownFileType = file.xib; path = FFToastViewController.xib; sourceTree = "<group>"; };
		C34D3DEA1DD59484000AA196 /* FFRootWidget.h */ = {isa = PBXFileReference; fileEncoding = 4; lastKnownFileType = sourcecode.c.h; path = FFRootWidget.h; sourceTree = "<group>"; };
		C34D3DEB1DD59484000AA196 /* FFRootWidget.m */ = {isa = PBXFileReference; fileEncoding = 4; lastKnownFileType = sourcecode.c.objc; path = FFRootWidget.m; sourceTree = "<group>"; };
		C34D3DED1DD59613000AA196 /* FFToastWidget.h */ = {isa = PBXFileReference; fileEncoding = 4; lastKnownFileType = sourcecode.c.h; path = FFToastWidget.h; sourceTree = "<group>"; };
		C34D3DEE1DD59613000AA196 /* FFToastWidget.m */ = {isa = PBXFileReference; fileEncoding = 4; lastKnownFileType = sourcecode.c.objc; path = FFToastWidget.m; sourceTree = "<group>"; };
		C34D3DF01DD59630000AA196 /* FFToastWidget.xib */ = {isa = PBXFileReference; fileEncoding = 4; lastKnownFileType = file.xib; path = FFToastWidget.xib; sourceTree = "<group>"; };
		C34D3DF31DD5A21C000AA196 /* FFChoosePicView.h */ = {isa = PBXFileReference; fileEncoding = 4; lastKnownFileType = sourcecode.c.h; path = FFChoosePicView.h; sourceTree = "<group>"; };
		C34D3DF41DD5A21C000AA196 /* FFChoosePicView.m */ = {isa = PBXFileReference; fileEncoding = 4; lastKnownFileType = sourcecode.c.objc; path = FFChoosePicView.m; sourceTree = "<group>"; };
		C34D3DF61DD5AB07000AA196 /* FFChoosePicViewController.h */ = {isa = PBXFileReference; fileEncoding = 4; lastKnownFileType = sourcecode.c.h; path = FFChoosePicViewController.h; sourceTree = "<group>"; };
		C34D3DF71DD5AB07000AA196 /* FFChoosePicViewController.m */ = {isa = PBXFileReference; fileEncoding = 4; lastKnownFileType = sourcecode.c.objc; path = FFChoosePicViewController.m; sourceTree = "<group>"; };
		C34D3DF81DD5AB07000AA196 /* FFChoosePicViewController.xib */ = {isa = PBXFileReference; fileEncoding = 4; lastKnownFileType = file.xib; path = FFChoosePicViewController.xib; sourceTree = "<group>"; };
		C34D3DFB1DD5AD72000AA196 /* hzgl_zljl_tjtp@2x.png */ = {isa = PBXFileReference; lastKnownFileType = image.png; path = "hzgl_zljl_tjtp@2x.png"; sourceTree = "<group>"; };
		C34D3DFC1DD5AD72000AA196 /* hzgl_zljl_tjtp@3x.png */ = {isa = PBXFileReference; lastKnownFileType = image.png; path = "hzgl_zljl_tjtp@3x.png"; sourceTree = "<group>"; };
		C34D3DFF1DD5AEBE000AA196 /* FFActionSheetManager.h */ = {isa = PBXFileReference; fileEncoding = 4; lastKnownFileType = sourcecode.c.h; path = FFActionSheetManager.h; sourceTree = "<group>"; };
		C34D3E001DD5AEBE000AA196 /* FFActionSheetManager.m */ = {isa = PBXFileReference; fileEncoding = 4; lastKnownFileType = sourcecode.c.objc; path = FFActionSheetManager.m; sourceTree = "<group>"; };
		C34D3E031DD5B3ED000AA196 /* FFChannelView.h */ = {isa = PBXFileReference; fileEncoding = 4; lastKnownFileType = sourcecode.c.h; path = FFChannelView.h; sourceTree = "<group>"; };
		C34D3E041DD5B3ED000AA196 /* FFChannelView.m */ = {isa = PBXFileReference; fileEncoding = 4; lastKnownFileType = sourcecode.c.objc; path = FFChannelView.m; sourceTree = "<group>"; };
		C34D3E061DD5B69D000AA196 /* FFChannelViewController.h */ = {isa = PBXFileReference; fileEncoding = 4; lastKnownFileType = sourcecode.c.h; path = FFChannelViewController.h; sourceTree = "<group>"; };
		C34D3E071DD5B69D000AA196 /* FFChannelViewController.m */ = {isa = PBXFileReference; fileEncoding = 4; lastKnownFileType = sourcecode.c.objc; path = FFChannelViewController.m; sourceTree = "<group>"; };
		C34D3E081DD5B69D000AA196 /* FFChannelViewController.xib */ = {isa = PBXFileReference; fileEncoding = 4; lastKnownFileType = file.xib; path = FFChannelViewController.xib; sourceTree = "<group>"; };
		C3AF2F311D87AC1100341C5D /* FFAutolayoutViewController.h */ = {isa = PBXFileReference; fileEncoding = 4; lastKnownFileType = sourcecode.c.h; path = FFAutolayoutViewController.h; sourceTree = "<group>"; };
		C3AF2F321D87AC1100341C5D /* FFAutolayoutViewController.m */ = {isa = PBXFileReference; fileEncoding = 4; lastKnownFileType = sourcecode.c.objc; path = FFAutolayoutViewController.m; sourceTree = "<group>"; };
		C3AF2F331D87AC1100341C5D /* FFAutolayoutViewController.xib */ = {isa = PBXFileReference; fileEncoding = 4; lastKnownFileType = file.xib; path = FFAutolayoutViewController.xib; sourceTree = "<group>"; };
		C3C1BA4C1DD997A300E9A027 /* FFMultipleActionSheetManger.h */ = {isa = PBXFileReference; fileEncoding = 4; lastKnownFileType = sourcecode.c.h; path = FFMultipleActionSheetManger.h; sourceTree = "<group>"; };
		C3C1BA4D1DD997A300E9A027 /* FFMultipleActionSheetManger.m */ = {isa = PBXFileReference; fileEncoding = 4; lastKnownFileType = sourcecode.c.objc; path = FFMultipleActionSheetManger.m; sourceTree = "<group>"; };
		C3C1BA4F1DD9981000E9A027 /* FFImagePickerViewController.h */ = {isa = PBXFileReference; fileEncoding = 4; lastKnownFileType = sourcecode.c.h; path = FFImagePickerViewController.h; sourceTree = "<group>"; };
		C3C1BA501DD9981000E9A027 /* FFImagePickerViewController.m */ = {isa = PBXFileReference; fileEncoding = 4; lastKnownFileType = sourcecode.c.objc; path = FFImagePickerViewController.m; sourceTree = "<group>"; };
		C3C1BA521DD99A6200E9A027 /* FFPhotoPickerBaseViewController.h */ = {isa = PBXFileReference; fileEncoding = 4; lastKnownFileType = sourcecode.c.h; path = FFPhotoPickerBaseViewController.h; sourceTree = "<group>"; };
		C3C1BA531DD99A6200E9A027 /* FFPhotoPickerBaseViewController.m */ = {isa = PBXFileReference; fileEncoding = 4; lastKnownFileType = sourcecode.c.objc; path = FFPhotoPickerBaseViewController.m; sourceTree = "<group>"; };
		C3C1BA551DD99AF000E9A027 /* FFPhotoAlbumListViewController.h */ = {isa = PBXFileReference; fileEncoding = 4; lastKnownFileType = sourcecode.c.h; path = FFPhotoAlbumListViewController.h; sourceTree = "<group>"; };
		C3C1BA561DD99AF000E9A027 /* FFPhotoAlbumListViewController.m */ = {isa = PBXFileReference; fileEncoding = 4; lastKnownFileType = sourcecode.c.objc; path = FFPhotoAlbumListViewController.m; sourceTree = "<group>"; };
		C3C1BA581DD99C2F00E9A027 /* FFPhotoAlbumModel.h */ = {isa = PBXFileReference; fileEncoding = 4; lastKnownFileType = sourcecode.c.h; path = FFPhotoAlbumModel.h; sourceTree = "<group>"; };
		C3C1BA591DD99C2F00E9A027 /* FFPhotoAlbumModel.m */ = {isa = PBXFileReference; fileEncoding = 4; lastKnownFileType = sourcecode.c.objc; path = FFPhotoAlbumModel.m; sourceTree = "<group>"; };
		C3C1BA5B1DD99DFB00E9A027 /* FFPhotoImageListViewController.h */ = {isa = PBXFileReference; fileEncoding = 4; lastKnownFileType = sourcecode.c.h; path = FFPhotoImageListViewController.h; sourceTree = "<group>"; };
		C3C1BA5C1DD99DFB00E9A027 /* FFPhotoImageListViewController.m */ = {isa = PBXFileReference; fileEncoding = 4; lastKnownFileType = sourcecode.c.objc; path = FFPhotoImageListViewController.m; sourceTree = "<group>"; };
		C3D52A951DD9AD84002B05B5 /* FFScrollViewViewController.h */ = {isa = PBXFileReference; fileEncoding = 4; lastKnownFileType = sourcecode.c.h; path = FFScrollViewViewController.h; sourceTree = "<group>"; };
		C3D52A961DD9AD84002B05B5 /* FFScrollViewViewController.m */ = {isa = PBXFileReference; fileEncoding = 4; lastKnownFileType = sourcecode.c.objc; path = FFScrollViewViewController.m; sourceTree = "<group>"; };
		C3D52A971DD9AD84002B05B5 /* FFScrollViewViewController.xib */ = {isa = PBXFileReference; fileEncoding = 4; lastKnownFileType = file.xib; path = FFScrollViewViewController.xib; sourceTree = "<group>"; };
/* End PBXFileReference section */

/* Begin PBXFrameworksBuildPhase section */
		469010131D4300FC00F22725 /* Frameworks */ = {
			isa = PBXFrameworksBuildPhase;
			buildActionMask = 2147483647;
			files = (
			);
			runOnlyForDeploymentPostprocessing = 0;
		};
		4690102C1D4300FC00F22725 /* Frameworks */ = {
			isa = PBXFrameworksBuildPhase;
			buildActionMask = 2147483647;
			files = (
			);
			runOnlyForDeploymentPostprocessing = 0;
		};
		469010371D4300FD00F22725 /* Frameworks */ = {
			isa = PBXFrameworksBuildPhase;
			buildActionMask = 2147483647;
			files = (
			);
			runOnlyForDeploymentPostprocessing = 0;
		};
/* End PBXFrameworksBuildPhase section */

/* Begin PBXGroup section */
		463DA5B01D75CE8F00F035A2 /* DemoButton */ = {
			isa = PBXGroup;
			children = (
				463DA5B11D75CEAD00F035A2 /* FFButtonDemo.h */,
				463DA5B21D75CEAD00F035A2 /* FFButtonDemo.m */,
				463DA5B31D75CEAD00F035A2 /* FFButtonDemo.xib */,
				463DA5B61D75D5CF00F035A2 /* FFChannalVedioView.h */,
				463DA5B71D75D5D000F035A2 /* FFChannalVedioView.m */,
				463DA5B91D75D5E500F035A2 /* FFChannalVedioView.xib */,
			);
			path = DemoButton;
			sourceTree = "<group>";
		};
		466408401D64A94400AF028A /* RunLoop */ = {
			isa = PBXGroup;
			children = (
				466408411D64A96E00AF028A /* FFRunLoopViewController.h */,
				466408421D64A96E00AF028A /* FFRunLoopViewController.m */,
				466408431D64A96E00AF028A /* FFRunLoopViewController.xib */,
			);
			path = RunLoop;
			sourceTree = "<group>";
		};
		4690100D1D4300FC00F22725 = {
			isa = PBXGroup;
			children = (
				469010181D4300FC00F22725 /* FFTools */,
				469010321D4300FC00F22725 /* FFToolsTests */,
				4690103D1D4300FD00F22725 /* FFToolsUITests */,
				469010171D4300FC00F22725 /* Products */,
			);
			sourceTree = "<group>";
		};
		469010171D4300FC00F22725 /* Products */ = {
			isa = PBXGroup;
			children = (
				469010161D4300FC00F22725 /* FFTools.app */,
				4690102F1D4300FC00F22725 /* FFToolsTests.xctest */,
				4690103A1D4300FD00F22725 /* FFToolsUITests.xctest */,
			);
			name = Products;
			sourceTree = "<group>";
		};
		469010181D4300FC00F22725 /* FFTools */ = {
			isa = PBXGroup;
			children = (
				4FEB51381D4B1FF300C6CA03 /* viewController */,
				4FEB513F1D4B1FF300C6CA03 /* views */,
				4FEB51241D4B1F9C00C6CA03 /* example */,
				4690104C1D43016100F22725 /* FFRootViewController.h */,
				4690104D1D43016100F22725 /* FFRootViewController.m */,
				4690101C1D4300FC00F22725 /* AppDelegate.h */,
				4690101D1D4300FC00F22725 /* AppDelegate.m */,
				4690101F1D4300FC00F22725 /* ViewController.h */,
				469010201D4300FC00F22725 /* ViewController.m */,
				469010221D4300FC00F22725 /* Main.storyboard */,
				469010251D4300FC00F22725 /* Assets.xcassets */,
				469010271D4300FC00F22725 /* LaunchScreen.storyboard */,
				4690102A1D4300FC00F22725 /* Info.plist */,
				469010191D4300FC00F22725 /* Supporting Files */,
			);
			path = FFTools;
			sourceTree = "<group>";
		};
		469010191D4300FC00F22725 /* Supporting Files */ = {
			isa = PBXGroup;
			children = (
				4690101A1D4300FC00F22725 /* main.m */,
			);
			name = "Supporting Files";
			sourceTree = "<group>";
		};
		469010321D4300FC00F22725 /* FFToolsTests */ = {
			isa = PBXGroup;
			children = (
				469010331D4300FD00F22725 /* FFToolsTests.m */,
				469010351D4300FD00F22725 /* Info.plist */,
			);
			path = FFToolsTests;
			sourceTree = "<group>";
		};
		4690103D1D4300FD00F22725 /* FFToolsUITests */ = {
			isa = PBXGroup;
			children = (
				4690103E1D4300FD00F22725 /* FFToolsUITests.m */,
				469010401D4300FD00F22725 /* Info.plist */,
			);
			path = FFToolsUITests;
			sourceTree = "<group>";
		};
		4F1F8FF41D5C19E4009C6C78 /* ClassifyExtionAndGategory */ = {
			isa = PBXGroup;
			children = (
				4F1F8FF51D5C1A09009C6C78 /* FFOther.h */,
				4F1F8FF61D5C1A09009C6C78 /* FFOther.m */,
				4F1F8FF71D5C1A09009C6C78 /* FFPerson.h */,
				4F1F8FF81D5C1A09009C6C78 /* FFPerson.m */,
				4F1F8FF91D5C1A09009C6C78 /* FFPerson+Internal.h */,
				4F1F8FFA1D5C1A09009C6C78 /* FFPerson+Internal.m */,
			);
			path = ClassifyExtionAndGategory;
			sourceTree = "<group>";
		};
		4F9AD1381D62D7F600E84FBB /* 链式编程 */ = {
			isa = PBXGroup;
			children = (
				4F9AD1391D62D84D00E84FBB /* FFChainViewController.h */,
				4F9AD13A1D62D84D00E84FBB /* FFChainViewController.m */,
				4F9AD13B1D62D84D00E84FBB /* FFChainViewController.xib */,
				4F9AD13E1D62E04600E84FBB /* CaculatorMaker.h */,
				4F9AD13F1D62E04600E84FBB /* CaculatorMaker.m */,
			);
			path = "链式编程";
			sourceTree = "<group>";
		};
		4FC46A681D4B2790009B38DC /* menu */ = {
			isa = PBXGroup;
			children = (
				4FC46A6E1D4B2820009B38DC /* resources */,
				4FC46A6C1D4B2820009B38DC /* KxMenu.h */,
				4FC46A6D1D4B2820009B38DC /* KxMenu.m */,
				4FC46A691D4B27A6009B38DC /* FFMenuViewController.h */,
				4FC46A6A1D4B27A6009B38DC /* FFMenuViewController.m */,
			);
			path = menu;
			sourceTree = "<group>";
		};
		4FC46A6E1D4B2820009B38DC /* resources */ = {
			isa = PBXGroup;
			children = (
				4FC46A6F1D4B2820009B38DC /* action_icon.png */,
				4FC46A701D4B2820009B38DC /* action_icon@2x.png */,
				4FC46A711D4B2820009B38DC /* check_icon.png */,
				4FC46A721D4B2820009B38DC /* check_icon@2x.png */,
				4FC46A731D4B2820009B38DC /* home_icon.png */,
				4FC46A741D4B2820009B38DC /* home_icon@2x.png */,
				4FC46A751D4B2820009B38DC /* reload.png */,
				4FC46A761D4B2820009B38DC /* reload@2x.png */,
				4FC46A771D4B2820009B38DC /* search_icon.png */,
				4FC46A781D4B2820009B38DC /* search_icon@2x.png */,
			);
			path = resources;
			sourceTree = "<group>";
		};
		4FEB51241D4B1F9C00C6CA03 /* example */ = {
			isa = PBXGroup;
			children = (
				C34D3E021DD5B2FB000AA196 /* ViewMark */,
				C34D3DF21DD5A109000AA196 /* PicView */,
				C34D3DE31DD59354000AA196 /* Toast */,
				C3AF2F301D87ABDC00341C5D /* DemoAutoLayout */,
				463DA5B01D75CE8F00F035A2 /* DemoButton */,
				466408401D64A94400AF028A /* RunLoop */,
				4F9AD1381D62D7F600E84FBB /* 链式编程 */,
				4F6574B51D5C6701007386AC /* 1.jpg */,
				4F1F8FF41D5C19E4009C6C78 /* ClassifyExtionAndGategory */,
				4FC46A681D4B2790009B38DC /* menu */,
				4FEB51371D4B1FC800C6CA03 /* 果冻效果 */,
				4F2EF8F61D5C611E004DB9CB /* FFHeaderScollerViewController.h */,
				4F2EF8F71D5C611E004DB9CB /* FFHeaderScollerViewController.m */,
				4F2EF8F81D5C611E004DB9CB /* FFHeaderScollerViewController.xib */,
				C3D52A951DD9AD84002B05B5 /* FFScrollViewViewController.h */,
				C3D52A961DD9AD84002B05B5 /* FFScrollViewViewController.m */,
				C3D52A971DD9AD84002B05B5 /* FFScrollViewViewController.xib */,
			);
			path = example;
			sourceTree = "<group>";
		};
		4FEB51371D4B1FC800C6CA03 /* 果冻效果 */ = {
			isa = PBXGroup;
			children = (
				4FEB514F1D4B205A00C6CA03 /* JElasticPullToRefresh */,
				4FEB514A1D4B203D00C6CA03 /* FFJElasticPullToRefreshViewController.h */,
				4FEB514B1D4B203D00C6CA03 /* FFJElasticPullToRefreshViewController.m */,
				4FEB514C1D4B203D00C6CA03 /* FFJElasticPullToRefreshViewController.xib */,
			);
			path = "果冻效果";
			sourceTree = "<group>";
		};
		4FEB51381D4B1FF300C6CA03 /* viewController */ = {
			isa = PBXGroup;
			children = (
				4FEB51391D4B1FF300C6CA03 /* FFRealTimeChangeViewController.h */,
				4FEB513A1D4B1FF300C6CA03 /* FFRealTimeChangeViewController.m */,
				4FEB513B1D4B1FF300C6CA03 /* FFRealTimeChangeViewController.xib */,
				4FEB513C1D4B1FF300C6CA03 /* FFStringViewController.h */,
				4FEB513D1D4B1FF300C6CA03 /* FFStringViewController.m */,
				4FEB513E1D4B1FF300C6CA03 /* FFStringViewController.xib */,
			);
			path = viewController;
			sourceTree = "<group>";
		};
		4FEB513F1D4B1FF300C6CA03 /* views */ = {
			isa = PBXGroup;
			children = (
				4FEB51401D4B1FF300C6CA03 /* FFRealTimeChangeView.h */,
				4FEB51411D4B1FF300C6CA03 /* FFRealTimeChangeView.m */,
				4FEB51421D4B1FF300C6CA03 /* FFRootView.h */,
				4FEB51431D4B1FF300C6CA03 /* FFRootView.m */,
			);
			path = views;
			sourceTree = "<group>";
		};
		4FEB514F1D4B205A00C6CA03 /* JElasticPullToRefresh */ = {
			isa = PBXGroup;
			children = (
				4FEB51501D4B205A00C6CA03 /* JElasticPullToRefreshConstants.h */,
				4FEB51511D4B205A00C6CA03 /* JElasticPullToRefreshLoadingView.h */,
				4FEB51521D4B205A00C6CA03 /* JElasticPullToRefreshLoadingView.m */,
				4FEB51531D4B205A00C6CA03 /* JElasticPullToRefreshLoadingViewCircle.h */,
				4FEB51541D4B205A00C6CA03 /* JElasticPullToRefreshLoadingViewCircle.m */,
				4FEB51551D4B205A00C6CA03 /* JElasticPullToRefreshView.h */,
				4FEB51561D4B205A00C6CA03 /* JElasticPullToRefreshView.m */,
				4FEB51571D4B205A00C6CA03 /* UIScrollView+JElasticPullToRefresh.h */,
				4FEB51581D4B205A00C6CA03 /* UIScrollView+JElasticPullToRefresh.m */,
				4FEB51591D4B205A00C6CA03 /* UIView+JElasticPullToRefresh.h */,
				4FEB515A1D4B205A00C6CA03 /* UIView+JElasticPullToRefresh.m */,
			);
			path = JElasticPullToRefresh;
			sourceTree = "<group>";
		};
		C34D3DE31DD59354000AA196 /* Toast */ = {
			isa = PBXGroup;
			children = (
				C34D3DE91DD59459000AA196 /* View */,
				C34D3DE41DD5938B000AA196 /* FFToastViewController.h */,
				C34D3DE51DD5938B000AA196 /* FFToastViewController.m */,
				C34D3DE61DD5938B000AA196 /* FFToastViewController.xib */,
			);
			path = Toast;
			sourceTree = "<group>";
		};
		C34D3DE91DD59459000AA196 /* View */ = {
			isa = PBXGroup;
			children = (
				C34D3DEA1DD59484000AA196 /* FFRootWidget.h */,
				C34D3DEB1DD59484000AA196 /* FFRootWidget.m */,
				C34D3DED1DD59613000AA196 /* FFToastWidget.h */,
				C34D3DEE1DD59613000AA196 /* FFToastWidget.m */,
				C34D3DF01DD59630000AA196 /* FFToastWidget.xib */,
			);
			path = View;
			sourceTree = "<group>";
		};
		C34D3DF21DD5A109000AA196 /* PicView */ = {
			isa = PBXGroup;
			children = (
				C34D3DFB1DD5AD72000AA196 /* hzgl_zljl_tjtp@2x.png */,
				C34D3DFC1DD5AD72000AA196 /* hzgl_zljl_tjtp@3x.png */,
				C34D3DF31DD5A21C000AA196 /* FFChoosePicView.h */,
				C34D3DF41DD5A21C000AA196 /* FFChoosePicView.m */,
				C34D3DF61DD5AB07000AA196 /* FFChoosePicViewController.h */,
				C34D3DF71DD5AB07000AA196 /* FFChoosePicViewController.m */,
				C34D3DF81DD5AB07000AA196 /* FFChoosePicViewController.xib */,
				C34D3DFF1DD5AEBE000AA196 /* FFActionSheetManager.h */,
				C34D3E001DD5AEBE000AA196 /* FFActionSheetManager.m */,
				C3C1BA4C1DD997A300E9A027 /* FFMultipleActionSheetManger.h */,
				C3C1BA4D1DD997A300E9A027 /* FFMultipleActionSheetManger.m */,
				C3C1BA4F1DD9981000E9A027 /* FFImagePickerViewController.h */,
				C3C1BA501DD9981000E9A027 /* FFImagePickerViewController.m */,
				C3C1BA521DD99A6200E9A027 /* FFPhotoPickerBaseViewController.h */,
				C3C1BA531DD99A6200E9A027 /* FFPhotoPickerBaseViewController.m */,
				C3C1BA551DD99AF000E9A027 /* FFPhotoAlbumListViewController.h */,
				C3C1BA561DD99AF000E9A027 /* FFPhotoAlbumListViewController.m */,
				C3C1BA581DD99C2F00E9A027 /* FFPhotoAlbumModel.h */,
				C3C1BA591DD99C2F00E9A027 /* FFPhotoAlbumModel.m */,
				C3C1BA5B1DD99DFB00E9A027 /* FFPhotoImageListViewController.h */,
				C3C1BA5C1DD99DFB00E9A027 /* FFPhotoImageListViewController.m */,
			);
			name = PicView;
			path = picView;
			sourceTree = "<group>";
		};
		C34D3E021DD5B2FB000AA196 /* ViewMark */ = {
			isa = PBXGroup;
			children = (
				C34D3E031DD5B3ED000AA196 /* FFChannelView.h */,
				C34D3E041DD5B3ED000AA196 /* FFChannelView.m */,
				C34D3E061DD5B69D000AA196 /* FFChannelViewController.h */,
				C34D3E071DD5B69D000AA196 /* FFChannelViewController.m */,
				C34D3E081DD5B69D000AA196 /* FFChannelViewController.xib */,
			);
			name = ViewMark;
			path = Viewmark;
			sourceTree = "<group>";
		};
		C3AF2F301D87ABDC00341C5D /* DemoAutoLayout */ = {
			isa = PBXGroup;
			children = (
				C3AF2F311D87AC1100341C5D /* FFAutolayoutViewController.h */,
				C3AF2F321D87AC1100341C5D /* FFAutolayoutViewController.m */,
				C3AF2F331D87AC1100341C5D /* FFAutolayoutViewController.xib */,
			);
			path = DemoAutoLayout;
			sourceTree = "<group>";
		};
/* End PBXGroup section */

/* Begin PBXNativeTarget section */
		469010151D4300FC00F22725 /* FFTools */ = {
			isa = PBXNativeTarget;
			buildConfigurationList = 469010431D4300FD00F22725 /* Build configuration list for PBXNativeTarget "FFTools" */;
			buildPhases = (
				469010121D4300FC00F22725 /* Sources */,
				469010131D4300FC00F22725 /* Frameworks */,
				469010141D4300FC00F22725 /* Resources */,
			);
			buildRules = (
			);
			dependencies = (
			);
			name = FFTools;
			productName = FFTools;
			productReference = 469010161D4300FC00F22725 /* FFTools.app */;
			productType = "com.apple.product-type.application";
		};
		4690102E1D4300FC00F22725 /* FFToolsTests */ = {
			isa = PBXNativeTarget;
			buildConfigurationList = 469010461D4300FD00F22725 /* Build configuration list for PBXNativeTarget "FFToolsTests" */;
			buildPhases = (
				4690102B1D4300FC00F22725 /* Sources */,
				4690102C1D4300FC00F22725 /* Frameworks */,
				4690102D1D4300FC00F22725 /* Resources */,
			);
			buildRules = (
			);
			dependencies = (
				469010311D4300FC00F22725 /* PBXTargetDependency */,
			);
			name = FFToolsTests;
			productName = FFToolsTests;
			productReference = 4690102F1D4300FC00F22725 /* FFToolsTests.xctest */;
			productType = "com.apple.product-type.bundle.unit-test";
		};
		469010391D4300FD00F22725 /* FFToolsUITests */ = {
			isa = PBXNativeTarget;
			buildConfigurationList = 469010491D4300FD00F22725 /* Build configuration list for PBXNativeTarget "FFToolsUITests" */;
			buildPhases = (
				469010361D4300FD00F22725 /* Sources */,
				469010371D4300FD00F22725 /* Frameworks */,
				469010381D4300FD00F22725 /* Resources */,
			);
			buildRules = (
			);
			dependencies = (
				4690103C1D4300FD00F22725 /* PBXTargetDependency */,
			);
			name = FFToolsUITests;
			productName = FFToolsUITests;
			productReference = 4690103A1D4300FD00F22725 /* FFToolsUITests.xctest */;
			productType = "com.apple.product-type.bundle.ui-testing";
		};
/* End PBXNativeTarget section */

/* Begin PBXProject section */
		4690100E1D4300FC00F22725 /* Project object */ = {
			isa = PBXProject;
			attributes = {
				LastUpgradeCheck = 0730;
				ORGANIZATIONNAME = "春高方";
				TargetAttributes = {
					469010151D4300FC00F22725 = {
						CreatedOnToolsVersion = 7.3;
						DevelopmentTeam = N6U3838JQA;
					};
					4690102E1D4300FC00F22725 = {
						CreatedOnToolsVersion = 7.3;
						TestTargetID = 469010151D4300FC00F22725;
					};
					469010391D4300FD00F22725 = {
						CreatedOnToolsVersion = 7.3;
						TestTargetID = 469010151D4300FC00F22725;
					};
				};
			};
			buildConfigurationList = 469010111D4300FC00F22725 /* Build configuration list for PBXProject "FFTools" */;
			compatibilityVersion = "Xcode 3.2";
			developmentRegion = English;
			hasScannedForEncodings = 0;
			knownRegions = (
				en,
				Base,
			);
			mainGroup = 4690100D1D4300FC00F22725;
			productRefGroup = 469010171D4300FC00F22725 /* Products */;
			projectDirPath = "";
			projectRoot = "";
			targets = (
				469010151D4300FC00F22725 /* FFTools */,
				4690102E1D4300FC00F22725 /* FFToolsTests */,
				469010391D4300FD00F22725 /* FFToolsUITests */,
			);
		};
/* End PBXProject section */

/* Begin PBXResourcesBuildPhase section */
		469010141D4300FC00F22725 /* Resources */ = {
			isa = PBXResourcesBuildPhase;
			buildActionMask = 2147483647;
			files = (
				469010291D4300FC00F22725 /* LaunchScreen.storyboard in Resources */,
				4FC46A801D4B2820009B38DC /* reload.png in Resources */,
				4FC46A7A1D4B2820009B38DC /* action_icon.png in Resources */,
				4FC46A7C1D4B2820009B38DC /* check_icon.png in Resources */,
				469010261D4300FC00F22725 /* Assets.xcassets in Resources */,
				C34D3DFD1DD5AD72000AA196 /* hzgl_zljl_tjtp@2x.png in Resources */,
				4FC46A811D4B2820009B38DC /* reload@2x.png in Resources */,
				C34D3DFA1DD5AB07000AA196 /* FFChoosePicViewController.xib in Resources */,
				4FC46A7D1D4B2820009B38DC /* check_icon@2x.png in Resources */,
				C34D3E0A1DD5B69D000AA196 /* FFChannelViewController.xib in Resources */,
				C3AF2F351D87AC1100341C5D /* FFAutolayoutViewController.xib in Resources */,
				463DA5B51D75CEAD00F035A2 /* FFButtonDemo.xib in Resources */,
				C34D3DF11DD59630000AA196 /* FFToastWidget.xib in Resources */,
				4FEB51471D4B1FF300C6CA03 /* FFStringViewController.xib in Resources */,
				469010241D4300FC00F22725 /* Main.storyboard in Resources */,
				4FC46A821D4B2820009B38DC /* search_icon.png in Resources */,
				4FC46A7B1D4B2820009B38DC /* action_icon@2x.png in Resources */,
				4FC46A7E1D4B2820009B38DC /* home_icon.png in Resources */,
				4F2EF8FA1D5C611E004DB9CB /* FFHeaderScollerViewController.xib in Resources */,
				4FEB51451D4B1FF300C6CA03 /* FFRealTimeChangeViewController.xib in Resources */,
				C34D3DE81DD5938B000AA196 /* FFToastViewController.xib in Resources */,
				C34D3DFE1DD5AD72000AA196 /* hzgl_zljl_tjtp@3x.png in Resources */,
				4FC46A831D4B2820009B38DC /* search_icon@2x.png in Resources */,
				463DA5BA1D75D5E500F035A2 /* FFChannalVedioView.xib in Resources */,
				C3D52A991DD9AD84002B05B5 /* FFScrollViewViewController.xib in Resources */,
				4F6574B61D5C6701007386AC /* 1.jpg in Resources */,
				4FC46A7F1D4B2820009B38DC /* home_icon@2x.png in Resources */,
				4FEB514E1D4B203D00C6CA03 /* FFJElasticPullToRefreshViewController.xib in Resources */,
				466408451D64A96E00AF028A /* FFRunLoopViewController.xib in Resources */,
				4F9AD13D1D62D84D00E84FBB /* FFChainViewController.xib in Resources */,
			);
			runOnlyForDeploymentPostprocessing = 0;
		};
		4690102D1D4300FC00F22725 /* Resources */ = {
			isa = PBXResourcesBuildPhase;
			buildActionMask = 2147483647;
			files = (
			);
			runOnlyForDeploymentPostprocessing = 0;
		};
		469010381D4300FD00F22725 /* Resources */ = {
			isa = PBXResourcesBuildPhase;
			buildActionMask = 2147483647;
			files = (
			);
			runOnlyForDeploymentPostprocessing = 0;
		};
/* End PBXResourcesBuildPhase section */

/* Begin PBXSourcesBuildPhase section */
		469010121D4300FC00F22725 /* Sources */ = {
			isa = PBXSourcesBuildPhase;
			buildActionMask = 2147483647;
			files = (
				C3C1BA511DD9981000E9A027 /* FFImagePickerViewController.m in Sources */,
				4F1F8FFD1D5C1A09009C6C78 /* FFPerson+Internal.m in Sources */,
				C3C1BA571DD99AF000E9A027 /* FFPhotoAlbumListViewController.m in Sources */,
				C34D3DEC1DD59484000AA196 /* FFRootWidget.m in Sources */,
				4F1F8FFC1D5C1A09009C6C78 /* FFPerson.m in Sources */,
				C3C1BA5A1DD99C2F00E9A027 /* FFPhotoAlbumModel.m in Sources */,
				4FEB51481D4B1FF300C6CA03 /* FFRealTimeChangeView.m in Sources */,
				C34D3DE71DD5938B000AA196 /* FFToastViewController.m in Sources */,
				C34D3DF91DD5AB07000AA196 /* FFChoosePicViewController.m in Sources */,
				4690104E1D43016100F22725 /* FFRootViewController.m in Sources */,
				C3C1BA4E1DD997A300E9A027 /* FFMultipleActionSheetManger.m in Sources */,
				C34D3E051DD5B3ED000AA196 /* FFChannelView.m in Sources */,
				4FEB515B1D4B205A00C6CA03 /* JElasticPullToRefreshLoadingView.m in Sources */,
				463DA5B81D75D5D000F035A2 /* FFChannalVedioView.m in Sources */,
				4FEB515E1D4B205A00C6CA03 /* UIScrollView+JElasticPullToRefresh.m in Sources */,
				463DA5B41D75CEAD00F035A2 /* FFButtonDemo.m in Sources */,
				C34D3DF51DD5A21C000AA196 /* FFChoosePicView.m in Sources */,
				4F2EF8F91D5C611E004DB9CB /* FFHeaderScollerViewController.m in Sources */,
				C3AF2F341D87AC1100341C5D /* FFAutolayoutViewController.m in Sources */,
				4F9AD13C1D62D84D00E84FBB /* FFChainViewController.m in Sources */,
				C34D3E091DD5B69D000AA196 /* FFChannelViewController.m in Sources */,
				C34D3E011DD5AEBE000AA196 /* FFActionSheetManager.m in Sources */,
				C3C1BA541DD99A6200E9A027 /* FFPhotoPickerBaseViewController.m in Sources */,
				4FEB51491D4B1FF300C6CA03 /* FFRootView.m in Sources */,
				469010211D4300FC00F22725 /* ViewController.m in Sources */,
				4690101E1D4300FC00F22725 /* AppDelegate.m in Sources */,
				C34D3DEF1DD59613000AA196 /* FFToastWidget.m in Sources */,
				4FEB515C1D4B205A00C6CA03 /* JElasticPullToRefreshLoadingViewCircle.m in Sources */,
				C3D52A981DD9AD84002B05B5 /* FFScrollViewViewController.m in Sources */,
				4F1F8FFB1D5C1A09009C6C78 /* FFOther.m in Sources */,
				4FEB514D1D4B203D00C6CA03 /* FFJElasticPullToRefreshViewController.m in Sources */,
				C3C1BA5D1DD99DFB00E9A027 /* FFPhotoImageListViewController.m in Sources */,
				466408441D64A96E00AF028A /* FFRunLoopViewController.m in Sources */,
				4FEB515F1D4B205A00C6CA03 /* UIView+JElasticPullToRefresh.m in Sources */,
				4F9AD1401D62E04600E84FBB /* CaculatorMaker.m in Sources */,
				4FEB51441D4B1FF300C6CA03 /* FFRealTimeChangeViewController.m in Sources */,
				4FC46A791D4B2820009B38DC /* KxMenu.m in Sources */,
				4690101B1D4300FC00F22725 /* main.m in Sources */,
				4FC46A6B1D4B27A6009B38DC /* FFMenuViewController.m in Sources */,
				4FEB51461D4B1FF300C6CA03 /* FFStringViewController.m in Sources */,
				4FEB515D1D4B205A00C6CA03 /* JElasticPullToRefreshView.m in Sources */,
			);
			runOnlyForDeploymentPostprocessing = 0;
		};
		4690102B1D4300FC00F22725 /* Sources */ = {
			isa = PBXSourcesBuildPhase;
			buildActionMask = 2147483647;
			files = (
				469010341D4300FD00F22725 /* FFToolsTests.m in Sources */,
			);
			runOnlyForDeploymentPostprocessing = 0;
		};
		469010361D4300FD00F22725 /* Sources */ = {
			isa = PBXSourcesBuildPhase;
			buildActionMask = 2147483647;
			files = (
				4690103F1D4300FD00F22725 /* FFToolsUITests.m in Sources */,
			);
			runOnlyForDeploymentPostprocessing = 0;
		};
/* End PBXSourcesBuildPhase section */

/* Begin PBXTargetDependency section */
		469010311D4300FC00F22725 /* PBXTargetDependency */ = {
			isa = PBXTargetDependency;
			target = 469010151D4300FC00F22725 /* FFTools */;
			targetProxy = 469010301D4300FC00F22725 /* PBXContainerItemProxy */;
		};
		4690103C1D4300FD00F22725 /* PBXTargetDependency */ = {
			isa = PBXTargetDependency;
			target = 469010151D4300FC00F22725 /* FFTools */;
			targetProxy = 4690103B1D4300FD00F22725 /* PBXContainerItemProxy */;
		};
/* End PBXTargetDependency section */

/* Begin PBXVariantGroup section */
		469010221D4300FC00F22725 /* Main.storyboard */ = {
			isa = PBXVariantGroup;
			children = (
				469010231D4300FC00F22725 /* Base */,
			);
			name = Main.storyboard;
			sourceTree = "<group>";
		};
		469010271D4300FC00F22725 /* LaunchScreen.storyboard */ = {
			isa = PBXVariantGroup;
			children = (
				469010281D4300FC00F22725 /* Base */,
			);
			name = LaunchScreen.storyboard;
			sourceTree = "<group>";
		};
/* End PBXVariantGroup section */

/* Begin XCBuildConfiguration section */
		469010411D4300FD00F22725 /* Debug */ = {
			isa = XCBuildConfiguration;
			buildSettings = {
				ALWAYS_SEARCH_USER_PATHS = NO;
				CLANG_ANALYZER_NONNULL = YES;
				CLANG_CXX_LANGUAGE_STANDARD = "gnu++0x";
				CLANG_CXX_LIBRARY = "libc++";
				CLANG_ENABLE_MODULES = YES;
				CLANG_ENABLE_OBJC_ARC = YES;
				CLANG_WARN_BOOL_CONVERSION = YES;
				CLANG_WARN_CONSTANT_CONVERSION = YES;
				CLANG_WARN_DIRECT_OBJC_ISA_USAGE = YES_ERROR;
				CLANG_WARN_EMPTY_BODY = YES;
				CLANG_WARN_ENUM_CONVERSION = YES;
				CLANG_WARN_INT_CONVERSION = YES;
				CLANG_WARN_OBJC_ROOT_CLASS = YES_ERROR;
				CLANG_WARN_UNREACHABLE_CODE = YES;
				CLANG_WARN__DUPLICATE_METHOD_MATCH = YES;
				CODE_SIGN_IDENTITY = "iPhone Developer: Jue Wang (8Q7N797NDQ)";
				"CODE_SIGN_IDENTITY[sdk=iphoneos*]" = "iPhone Developer: Jue Wang (8Q7N797NDQ)";
				COPY_PHASE_STRIP = NO;
				DEBUG_INFORMATION_FORMAT = dwarf;
				ENABLE_STRICT_OBJC_MSGSEND = YES;
				ENABLE_TESTABILITY = YES;
				GCC_C_LANGUAGE_STANDARD = gnu99;
				GCC_DYNAMIC_NO_PIC = NO;
				GCC_NO_COMMON_BLOCKS = YES;
				GCC_OPTIMIZATION_LEVEL = 0;
				GCC_PREPROCESSOR_DEFINITIONS = (
					"DEBUG=1",
					"$(inherited)",
				);
				GCC_WARN_64_TO_32_BIT_CONVERSION = YES;
				GCC_WARN_ABOUT_RETURN_TYPE = YES_ERROR;
				GCC_WARN_UNDECLARED_SELECTOR = YES;
				GCC_WARN_UNINITIALIZED_AUTOS = YES_AGGRESSIVE;
				GCC_WARN_UNUSED_FUNCTION = YES;
				GCC_WARN_UNUSED_VARIABLE = YES;
				IPHONEOS_DEPLOYMENT_TARGET = 9.3;
				MTL_ENABLE_DEBUG_INFO = YES;
				ONLY_ACTIVE_ARCH = YES;
				SDKROOT = iphoneos;
				TARGETED_DEVICE_FAMILY = "1,2";
			};
			name = Debug;
		};
		469010421D4300FD00F22725 /* Release */ = {
			isa = XCBuildConfiguration;
			buildSettings = {
				ALWAYS_SEARCH_USER_PATHS = NO;
				CLANG_ANALYZER_NONNULL = YES;
				CLANG_CXX_LANGUAGE_STANDARD = "gnu++0x";
				CLANG_CXX_LIBRARY = "libc++";
				CLANG_ENABLE_MODULES = YES;
				CLANG_ENABLE_OBJC_ARC = YES;
				CLANG_WARN_BOOL_CONVERSION = YES;
				CLANG_WARN_CONSTANT_CONVERSION = YES;
				CLANG_WARN_DIRECT_OBJC_ISA_USAGE = YES_ERROR;
				CLANG_WARN_EMPTY_BODY = YES;
				CLANG_WARN_ENUM_CONVERSION = YES;
				CLANG_WARN_INT_CONVERSION = YES;
				CLANG_WARN_OBJC_ROOT_CLASS = YES_ERROR;
				CLANG_WARN_UNREACHABLE_CODE = YES;
				CLANG_WARN__DUPLICATE_METHOD_MATCH = YES;
				CODE_SIGN_IDENTITY = "iPhone Distribution: Suzhou Liangyihui Network Technology Co., Ltd. (N6U3838JQA)";
				"CODE_SIGN_IDENTITY[sdk=iphoneos*]" = "iPhone Distribution: Suzhou Liangyihui Network Technology Co., Ltd. (N6U3838JQA)";
				COPY_PHASE_STRIP = NO;
				DEBUG_INFORMATION_FORMAT = "dwarf-with-dsym";
				ENABLE_NS_ASSERTIONS = NO;
				ENABLE_STRICT_OBJC_MSGSEND = YES;
				GCC_C_LANGUAGE_STANDARD = gnu99;
				GCC_NO_COMMON_BLOCKS = YES;
				GCC_WARN_64_TO_32_BIT_CONVERSION = YES;
				GCC_WARN_ABOUT_RETURN_TYPE = YES_ERROR;
				GCC_WARN_UNDECLARED_SELECTOR = YES;
				GCC_WARN_UNINITIALIZED_AUTOS = YES_AGGRESSIVE;
				GCC_WARN_UNUSED_FUNCTION = YES;
				GCC_WARN_UNUSED_VARIABLE = YES;
				IPHONEOS_DEPLOYMENT_TARGET = 9.3;
				MTL_ENABLE_DEBUG_INFO = NO;
				SDKROOT = iphoneos;
				TARGETED_DEVICE_FAMILY = "1,2";
				VALIDATE_PRODUCT = YES;
			};
			name = Release;
		};
		469010441D4300FD00F22725 /* Debug */ = {
			isa = XCBuildConfiguration;
			buildSettings = {
				ASSETCATALOG_COMPILER_APPICON_NAME = AppIcon;
				CODE_SIGN_IDENTITY = "iPhone Developer";
				INFOPLIST_FILE = FFTools/Info.plist;
				IPHONEOS_DEPLOYMENT_TARGET = 8.1;
				LD_RUNPATH_SEARCH_PATHS = "$(inherited) @executable_path/Frameworks";
				PRODUCT_BUNDLE_IDENTIFIER = com.dtiworld.FFTools;
				PRODUCT_NAME = "$(TARGET_NAME)";
			};
			name = Debug;
		};
		469010451D4300FD00F22725 /* Release */ = {
			isa = XCBuildConfiguration;
			buildSettings = {
				ASSETCATALOG_COMPILER_APPICON_NAME = AppIcon;
				CODE_SIGN_IDENTITY = "iPhone Developer";
				INFOPLIST_FILE = FFTools/Info.plist;
				IPHONEOS_DEPLOYMENT_TARGET = 8.1;
				LD_RUNPATH_SEARCH_PATHS = "$(inherited) @executable_path/Frameworks";
				PRODUCT_BUNDLE_IDENTIFIER = com.dtiworld.FFTools;
				PRODUCT_NAME = "$(TARGET_NAME)";
			};
			name = Release;
		};
		469010471D4300FD00F22725 /* Debug */ = {
			isa = XCBuildConfiguration;
			buildSettings = {
				BUNDLE_LOADER = "$(TEST_HOST)";
				INFOPLIST_FILE = FFToolsTests/Info.plist;
				LD_RUNPATH_SEARCH_PATHS = "$(inherited) @executable_path/Frameworks @loader_path/Frameworks";
				PRODUCT_BUNDLE_IDENTIFIER = com.dtiworld.FFToolsTests;
				PRODUCT_NAME = "$(TARGET_NAME)";
				TEST_HOST = "$(BUILT_PRODUCTS_DIR)/FFTools.app/FFTools";
			};
			name = Debug;
		};
		469010481D4300FD00F22725 /* Release */ = {
			isa = XCBuildConfiguration;
			buildSettings = {
				BUNDLE_LOADER = "$(TEST_HOST)";
				INFOPLIST_FILE = FFToolsTests/Info.plist;
				LD_RUNPATH_SEARCH_PATHS = "$(inherited) @executable_path/Frameworks @loader_path/Frameworks";
				PRODUCT_BUNDLE_IDENTIFIER = com.dtiworld.FFToolsTests;
				PRODUCT_NAME = "$(TARGET_NAME)";
				TEST_HOST = "$(BUILT_PRODUCTS_DIR)/FFTools.app/FFTools";
			};
			name = Release;
		};
		4690104A1D4300FD00F22725 /* Debug */ = {
			isa = XCBuildConfiguration;
			buildSettings = {
				INFOPLIST_FILE = FFToolsUITests/Info.plist;
				LD_RUNPATH_SEARCH_PATHS = "$(inherited) @executable_path/Frameworks @loader_path/Frameworks";
				PRODUCT_BUNDLE_IDENTIFIER = com.dtiworld.FFToolsUITests;
				PRODUCT_NAME = "$(TARGET_NAME)";
				TEST_TARGET_NAME = FFTools;
			};
			name = Debug;
		};
		4690104B1D4300FD00F22725 /* Release */ = {
			isa = XCBuildConfiguration;
			buildSettings = {
				INFOPLIST_FILE = FFToolsUITests/Info.plist;
				LD_RUNPATH_SEARCH_PATHS = "$(inherited) @executable_path/Frameworks @loader_path/Frameworks";
				PRODUCT_BUNDLE_IDENTIFIER = com.dtiworld.FFToolsUITests;
				PRODUCT_NAME = "$(TARGET_NAME)";
				TEST_TARGET_NAME = FFTools;
			};
			name = Release;
		};
/* End XCBuildConfiguration section */

/* Begin XCConfigurationList section */
		469010111D4300FC00F22725 /* Build configuration list for PBXProject "FFTools" */ = {
			isa = XCConfigurationList;
			buildConfigurations = (
				469010411D4300FD00F22725 /* Debug */,
				469010421D4300FD00F22725 /* Release */,
			);
			defaultConfigurationIsVisible = 0;
			defaultConfigurationName = Release;
		};
		469010431D4300FD00F22725 /* Build configuration list for PBXNativeTarget "FFTools" */ = {
			isa = XCConfigurationList;
			buildConfigurations = (
				469010441D4300FD00F22725 /* Debug */,
				469010451D4300FD00F22725 /* Release */,
			);
			defaultConfigurationIsVisible = 0;
			defaultConfigurationName = Release;
		};
		469010461D4300FD00F22725 /* Build configuration list for PBXNativeTarget "FFToolsTests" */ = {
			isa = XCConfigurationList;
			buildConfigurations = (
				469010471D4300FD00F22725 /* Debug */,
				469010481D4300FD00F22725 /* Release */,
			);
			defaultConfigurationIsVisible = 0;
			defaultConfigurationName = Release;
		};
		469010491D4300FD00F22725 /* Build configuration list for PBXNativeTarget "FFToolsUITests" */ = {
			isa = XCConfigurationList;
			buildConfigurations = (
				4690104A1D4300FD00F22725 /* Debug */,
				4690104B1D4300FD00F22725 /* Release */,
			);
			defaultConfigurationIsVisible = 0;
			defaultConfigurationName = Release;
		};
/* End XCConfigurationList section */
	};
	rootObject = 4690100E1D4300FC00F22725 /* Project object */;
}
